
Microsoft Visual Studio Solution File, Format Version 12.00
# Visual Studio Version 16
VisualStudioVersion = 16.0.29102.190
MinimumVisualStudioVersion = 10.0.40219.1
Project("{FAE04EC0-301F-11D3-BF4B-00C04F79EFBC}") = "WordCount", "WordCount\WordCount.csproj", "{CF52CE67-D86B-43AA-B038-2789CB3148B0}"
EndProject
Global
	GlobalSection(SolutionConfigurationPlatforms) = preSolution
		Debug|Any CPU = Debug|Any CPU
		Release|Any CPU = Release|Any CPU
	EndGlobalSection
	GlobalSection(ProjectConfigurationPlatforms) = postSolution
		{CF52CE67-D86B-43AA-B038-2789CB3148B0}.Debug|Any CPU.ActiveCfg = Debug|Any CPU
		{CF52CE67-D86B-43AA-B038-2789CB3148B0}.Debug|Any CPU.Build.0 = Debug|Any CPU
		{CF52CE67-D86B-43AA-B038-2789CB3148B0}.Release|Any CPU.ActiveCfg = Release|Any CPU
		{CF52CE67-D86B-43AA-B038-2789CB3148B0}.Release|Any CPU.Build.0 = Release|Any CPU
	EndGlobalSection
	GlobalSection(SolutionProperties) = preSolution
		HideSolutionNode = FALSE
	EndGlobalSection
	GlobalSection(ExtensibilityGlobals) = postSolution
		SolutionGuid = {D0127E24-80B6-4FC4-8AEC-D078A02FE38B}
	EndGlobalSection
EndGlobal
