
Microsoft Visual Studio Solution File, Format Version 12.00
# Visual Studio Version 16
VisualStudioVersion = 16.0.28803.452
MinimumVisualStudioVersion = 10.0.40219.1
Project("{FAE04EC0-301F-11D3-BF4B-00C04F79EFBC}") = "ConsoleApp1", "ConsoleApp1\ConsoleApp1.csproj", "{62E34A6E-BA63-443D-B08D-89908C0D5709}"
EndProject
Global
	GlobalSection(SolutionConfigurationPlatforms) = preSolution
		Debug|Any CPU = Debug|Any CPU
		Release|Any CPU = Release|Any CPU
	EndGlobalSection
	GlobalSection(ProjectConfigurationPlatforms) = postSolution
		{62E34A6E-BA63-443D-B08D-89908C0D5709}.Debug|Any CPU.ActiveCfg = Debug|Any CPU
		{62E34A6E-BA63-443D-B08D-89908C0D5709}.Debug|Any CPU.Build.0 = Debug|Any CPU
		{62E34A6E-BA63-443D-B08D-89908C0D5709}.Release|Any CPU.ActiveCfg = Release|Any CPU
		{62E34A6E-BA63-443D-B08D-89908C0D5709}.Release|Any CPU.Build.0 = Release|Any CPU
	EndGlobalSection
	GlobalSection(SolutionProperties) = preSolution
		HideSolutionNode = FALSE
	EndGlobalSection
	GlobalSection(ExtensibilityGlobals) = postSolution
		SolutionGuid = {06553927-83B6-4D51-A7C7-70BF22643878}
	EndGlobalSection
EndGlobal
